{
  "name": "poetry-competition",
  "version": "1.0.0",
  "lockfileVersion": 3,
  "requires": true,
  "packages": {
    "": {
      "name": "poetry-competition",
      "version": "1.0.0",
      "dependencies": {
        "@github/copilot-sdk": "^0.1.28"
      }
    },
    "node_modules/@github/copilot": {
      "version": "0.0.416",
      "resolved": "https://registry.npmjs.org/@github/copilot/-/copilot-0.0.416.tgz",
      "integrity": "sha512-rohH9dEeLRkYD31BUL7RFnGz2ZU/7CVkNdZlWEut+CSXgha6uhb3GPmIAPty1gZyUeMeHqJOwu+SSEjAxVaXEg==",
      "license": "SEE LICENSE IN LICENSE.md",
      "bin": {
        "copilot": "npm-loader.js"
      },
      "optionalDependencies": {
        "@github/copilot-darwin-arm64": "0.0.416",
        "@github/copilot-darwin-x64": "0.0.416",
        "@github/copilot-linux-arm64": "0.0.416",
        "@github/copilot-linux-x64": "0.0.416",
        "@github/copilot-win32-arm64": "0.0.416",
        "@github/copilot-win32-x64": "0.0.416"
      }
    },
    "node_modules/@github/copilot-darwin-arm64": {
      "version": "0.0.416",
      "resolved": "https://registry.npmjs.org/@github/copilot-darwin-arm64/-/copilot-darwin-arm64-0.0.416.tgz",
      "integrity": "sha512-mipNAS3Pi8Eu2TA9rTHdjEMaDZNNKJl29rL5cvs9imjshsQJBwiJD3zIV/XQvqsFB8IWngn5ZFT9ybML4milkg==",
      "cpu": [
        "arm64"
      ],
      "license": "SEE LICENSE IN LICENSE.md",
      "optional": true,
      "os": [
        "darwin"
      ],
      "bin": {
        "copilot-darwin-arm64": "copilot"
      }
    },
    "node_modules/@github/copilot-darwin-x64": {
      "version": "0.0.416",
      "resolved": "https://registry.npmjs.org/@github/copilot-darwin-x64/-/copilot-darwin-x64-0.0.416.tgz",
      "integrity": "sha512-22Q1rkpYflX5XMfmfvA/uZ/9ME43rUARy6rQZ+tfl2/Xg2FFR8NXyvhtatqVZ5v+N2DE81IrYUG3V0wfX0U8Iw==",
      "cpu": [
        "x64"
      ],
      "license": "SEE LICENSE IN LICENSE.md",
      "optional": true,
      "os": [
        "darwin"
      ],
      "bin": {
        "copilot-darwin-x64": "copilot"
      }
    },
    "node_modules/@github/copilot-linux-arm64": {
      "version": "0.0.416",
      "resolved": "https://registry.npmjs.org/@github/copilot-linux-arm64/-/copilot-linux-arm64-0.0.416.tgz",
      "integrity": "sha512-iLFzBpjSNQOqOvBIq4AxlSWDGlAW5+Ri0Qz2h1CVBb5JcUOdfSL22Fz/3wWzrV1quvnkVyJQ45tL9zS117DhcA==",
      "cpu": [
        "arm64"
      ],
      "license": "SEE LICENSE IN LICENSE.md",
      "optional": true,
      "os": [
        "linux"
      ],
      "bin": {
        "copilot-linux-arm64": "copilot"
      }
    },
    "node_modules/@github/copilot-linux-x64": {
      "version": "0.0.416",
      "resolved": "https://registry.npmjs.org/@github/copilot-linux-x64/-/copilot-linux-x64-0.0.416.tgz",
      "integrity": "sha512-+dSZOLaCr+A/WJLE++4lCC13PziIO64PzFGJsEmSedQkqw2dnXrAYbsp+cbtXJJ6w0DZpHigeifhn1m3sAWUvw==",
      "cpu": [
        "x64"
      ],
      "license": "SEE LICENSE IN LICENSE.md",
      "optional": true,
      "os": [
        "linux"
      ],
      "bin": {
        "copilot-linux-x64": "copilot"
      }
    },
    "node_modules/@github/copilot-sdk": {
      "version": "0.1.28",
      "resolved": "https://registry.npmjs.org/@github/copilot-sdk/-/copilot-sdk-0.1.28.tgz",
      "integrity": "sha512-dJpg5IWCdwc5YLqT0VB6yGF7Alx86kJyajxwxp33Y1q0dl5ZMqOFq/Cbe2yOAhO5dv9a6eZdgpBWHjPTKONebQ==",
      "license": "MIT",
      "dependencies": {
        "@github/copilot": "^0.0.416",
        "vscode-jsonrpc": "^8.2.1",
        "zod": "^4.3.6"
      },
      "engines": {
        "node": ">=20.0.0"
      }
    },
    "node_modules/@github/copilot-win32-arm64": {
      "version": "0.0.416",
      "resolved": "https://registry.npmjs.org/@github/copilot-win32-arm64/-/copilot-win32-arm64-0.0.416.tgz",
      "integrity": "sha512-jeTroTL5CeAysbl3GJeLyPMsb2fEP16Iqo7faeozlbyU9BD5GjaLKtEApmFCE2hP0/CNcJVg1K5cZLTaKYOXCw==",
      "cpu": [
        "arm64"
      ],
      "license": "SEE LICENSE IN LICENSE.md",
      "optional": true,
      "os": [
        "win32"
      ],
      "bin": {
        "copilot-win32-arm64": "copilot.exe"
      }
    },
    "node_modules/@github/copilot-win32-x64": {
      "version": "0.0.416",
      "resolved": "https://registry.npmjs.org/@github/copilot-win32-x64/-/copilot-win32-x64-0.0.416.tgz",
      "integrity": "sha512-62kv5dMNZ+7unVi3puK16trlOItLldFgQEkk2mVqAsRzEA9XqxArNeN+lG6kAIHNbiKA+OKVafdkzy104kHy4w==",
      "cpu": [
        "x64"
      ],
      "license": "SEE LICENSE IN LICENSE.md",
      "optional": true,
      "os": [
        "win32"
      ],
      "bin": {
        "copilot-win32-x64": "copilot.exe"
      }
    },
    "node_modules/vscode-jsonrpc": {
      "version": "8.2.1",
      "resolved": "https://registry.npmjs.org/vscode-jsonrpc/-/vscode-jsonrpc-8.2.1.tgz",
      "integrity": "sha512-kdjOSJ2lLIn7r1rtrMbbNCHjyMPfRnowdKjBQ+mGq6NAW5QY2bEZC/khaC5OR8svbbjvLEaIXkOq45e2X9BIbQ==",
      "license": "MIT",
      "engines": {
        "node": ">=14.0.0"
      }
    },
    "node_modules/zod": {
      "version": "4.3.6",
      "resolved": "https://registry.npmjs.org/zod/-/zod-4.3.6.tgz",
      "integrity": "sha512-rftlrkhHZOcjDwkGlnUtZZkvaPHCsDATp4pGpuOOMDaTdDDXF91wuVDJoWoPsKX/3YPQ5fHuF3STjcYyKr+Qhg==",
      "license": "MIT",
      "funding": {
        "url": "https://github.com/sponsors/colinhacks"
      }
    }
  }
}
